// !$*UTF8*$!
{
	archiveVersion = 1;
	classes = {
	};
	objectVersion = 46;
	objects = {

/* Begin PBXBuildFile section */
		0C3752BC1D2BA73D005D73FE /* PxPlayer.h in CopyFiles */ = {isa = PBXBuildFile; fileRef = 0C3752BB1D2BA73D005D73FE /* PxPlayer.h */; };
		0C3752BE1D2BA73D005D73FE /* PxPlayer.m in Sources */ = {isa = PBXBuildFile; fileRef = 0C3752BD1D2BA73D005D73FE /* PxPlayer.m */; };
		0C3752C61D2BA7C5005D73FE /* PxPlayerManager.m in Sources */ = {isa = PBXBuildFile; fileRef = 0C3752C41D2BA7C5005D73FE /* PxPlayerManager.m */; };
		0CD99FB31D37527900A56D7A /* AudioStreamer.m in Sources */ = {isa = PBXBuildFile; fileRef = 0CD99FAE1D37527900A56D7A /* AudioStreamer.m */; };
		0CD99FB41D37527900A56D7A /* RTSPPlayer.m in Sources */ = {isa = PBXBuildFile; fileRef = 0CD99FB01D37527900A56D7A /* RTSPPlayer.m */; };
		0CD99FB51D37527900A56D7A /* Utilities.m in Sources */ = {isa = PBXBuildFile; fileRef = 0CD99FB21D37527900A56D7A /* Utilities.m */; };
/* End PBXBuildFile section */

/* Begin PBXCopyFilesBuildPhase section */
		0C3752B61D2BA73D005D73FE /* CopyFiles */ = {
			isa = PBXCopyFilesBuildPhase;
			buildActionMask = 2147483647;
			dstPath = "include/$(PRODUCT_NAME)";
			dstSubfolderSpec = 16;
			files = (
				0C3752BC1D2BA73D005D73FE /* PxPlayer.h in CopyFiles */,
			);
			runOnlyForDeploymentPostprocessing = 0;
		};
/* End PBXCopyFilesBuildPhase section */

/* Begin PBXFileReference section */
		0C3752B81D2BA73D005D73FE /* libPxPlayer.a */ = {isa = PBXFileReference; explicitFileType = archive.ar; includeInIndex = 0; path = libPxPlayer.a; sourceTree = BUILT_PRODUCTS_DIR; };
		0C3752BB1D2BA73D005D73FE /* PxPlayer.h */ = {isa = PBXFileReference; lastKnownFileType = sourcecode.c.h; path = PxPlayer.h; sourceTree = "<group>"; };
		0C3752BD1D2BA73D005D73FE /* PxPlayer.m */ = {isa = PBXFileReference; lastKnownFileType = sourcecode.c.objc; path = PxPlayer.m; sourceTree = "<group>"; };
		0C3752C41D2BA7C5005D73FE /* PxPlayerManager.m */ = {isa = PBXFileReference; fileEncoding = 4; lastKnownFileType = sourcecode.c.objc; path = PxPlayerManager.m; sourceTree = "<group>"; };
		0C3752C51D2BA7C5005D73FE /* PxPlayerManager.h */ = {isa = PBXFileReference; fileEncoding = 4; lastKnownFileType = sourcecode.c.h; path = PxPlayerManager.h; sourceTree = "<group>"; };
		0CD99FAD1D37527900A56D7A /* AudioStreamer.h */ = {isa = PBXFileReference; fileEncoding = 4; lastKnownFileType = sourcecode.c.h; name = AudioStreamer.h; path = FFMpegDecoder/AudioStreamer.h; sourceTree = "<group>"; };
		0CD99FAE1D37527900A56D7A /* AudioStreamer.m */ = {isa = PBXFileReference; fileEncoding = 4; lastKnownFileType = sourcecode.c.objc; name = AudioStreamer.m; path = FFMpegDecoder/AudioStreamer.m; sourceTree = "<group>"; };
		0CD99FAF1D37527900A56D7A /* RTSPPlayer.h */ = {isa = PBXFileReference; fileEncoding = 4; lastKnownFileType = sourcecode.c.h; name = RTSPPlayer.h; path = FFMpegDecoder/RTSPPlayer.h; sourceTree = "<group>"; };
		0CD99FB01D37527900A56D7A /* RTSPPlayer.m */ = {isa = PBXFileReference; fileEncoding = 4; lastKnownFileType = sourcecode.c.objc; name = RTSPPlayer.m; path = FFMpegDecoder/RTSPPlayer.m; sourceTree = "<group>"; };
		0CD99FB11D37527900A56D7A /* Utilities.h */ = {isa = PBXFileReference; fileEncoding = 4; lastKnownFileType = sourcecode.c.h; name = Utilities.h; path = FFMpegDecoder/Utilities.h; sourceTree = "<group>"; };
		0CD99FB21D37527900A56D7A /* Utilities.m */ = {isa = PBXFileReference; fileEncoding = 4; lastKnownFileType = sourcecode.c.objc; name = Utilities.m; path = FFMpegDecoder/Utilities.m; sourceTree = "<group>"; };
/* End PBXFileReference section */

/* Begin PBXFrameworksBuildPhase section */
		0C3752B51D2BA73D005D73FE /* Frameworks */ = {
			isa = PBXFrameworksBuildPhase;
			buildActionMask = 2147483647;
			files = (
			);
			runOnlyForDeploymentPostprocessing = 0;
		};
/* End PBXFrameworksBuildPhase section */

/* Begin PBXGroup section */
		0C3752AF1D2BA73D005D73FE = {
			isa = PBXGroup;
			children = (
				0CD99FAC1D37525800A56D7A /* FFMpegDecoder */,
				0C3752BA1D2BA73D005D73FE /* PxPlayer */,
				0C3752B91D2BA73D005D73FE /* Products */,
			);
			sourceTree = "<group>";
		};
		0C3752B91D2BA73D005D73FE /* Products */ = {
			isa = PBXGroup;
			children = (
				0C3752B81D2BA73D005D73FE /* libPxPlayer.a */,
			);
			name = Products;
			sourceTree = "<group>";
		};
		0C3752BA1D2BA73D005D73FE /* PxPlayer */ = {
			isa = PBXGroup;
			children = (
				0C3752C41D2BA7C5005D73FE /* PxPlayerManager.m */,
				0C3752C51D2BA7C5005D73FE /* PxPlayerManager.h */,
				0C3752BB1D2BA73D005D73FE /* PxPlayer.h */,
				0C3752BD1D2BA73D005D73FE /* PxPlayer.m */,
			);
			path = PxPlayer;
			sourceTree = "<group>";
		};
		0CD99FAC1D37525800A56D7A /* FFMpegDecoder */ = {
			isa = PBXGroup;
			children = (
				0CD99FAD1D37527900A56D7A /* AudioStreamer.h */,
				0CD99FAE1D37527900A56D7A /* AudioStreamer.m */,
				0CD99FAF1D37527900A56D7A /* RTSPPlayer.h */,
				0CD99FB01D37527900A56D7A /* RTSPPlayer.m */,
				0CD99FB11D37527900A56D7A /* Utilities.h */,
				0CD99FB21D37527900A56D7A /* Utilities.m */,
			);
			name = FFMpegDecoder;
			sourceTree = "<group>";
		};
/* End PBXGroup section */

/* Begin PBXNativeTarget section */
		0C3752B71D2BA73D005D73FE /* PxPlayer */ = {
			isa = PBXNativeTarget;
			buildConfigurationList = 0C3752C11D2BA73D005D73FE /* Build configuration list for PBXNativeTarget "PxPlayer" */;
			buildPhases = (
				0C3752B41D2BA73D005D73FE /* Sources */,
				0C3752B51D2BA73D005D73FE /* Frameworks */,
				0C3752B61D2BA73D005D73FE /* CopyFiles */,
			);
			buildRules = (
			);
			dependencies = (
			);
			name = PxPlayer;
			productName = PxPlayer;
			productReference = 0C3752B81D2BA73D005D73FE /* libPxPlayer.a */;
			productType = "com.apple.product-type.library.static";
		};
/* End PBXNativeTarget section */

/* Begin PBXProject section */
		0C3752B01D2BA73D005D73FE /* Project object */ = {
			isa = PBXProject;
			attributes = {
				LastUpgradeCheck = 0730;
				ORGANIZATIONNAME = "熊川";
				TargetAttributes = {
					0C3752B71D2BA73D005D73FE = {
						CreatedOnToolsVersion = 7.3.1;
					};
				};
			};
			buildConfigurationList = 0C3752B31D2BA73D005D73FE /* Build configuration list for PBXProject "PxPlayer" */;
			compatibilityVersion = "Xcode 3.2";
			developmentRegion = English;
			hasScannedForEncodings = 0;
			knownRegions = (
				en,
			);
			mainGroup = 0C3752AF1D2BA73D005D73FE;
			productRefGroup = 0C3752B91D2BA73D005D73FE /* Products */;
			projectDirPath = "";
			projectRoot = "";
			targets = (
				0C3752B71D2BA73D005D73FE /* PxPlayer */,
			);
		};
/* End PBXProject section */

/* Begin PBXSourcesBuildPhase section */
		0C3752B41D2BA73D005D73FE /* Sources */ = {
			isa = PBXSourcesBuildPhase;
			buildActionMask = 2147483647;
			files = (
				0C3752C61D2BA7C5005D73FE /* PxPlayerManager.m in Sources */,
				0CD99FB51D37527900A56D7A /* Utilities.m in Sources */,
				0C3752BE1D2BA73D005D73FE /* PxPlayer.m in Sources */,
				0CD99FB41D37527900A56D7A /* RTSPPlayer.m in Sources */,
				0CD99FB31D37527900A56D7A /* AudioStreamer.m in Sources */,
			);
			runOnlyForDeploymentPostprocessing = 0;
		};
/* End PBXSourcesBuildPhase section */

/* Begin XCBuildConfiguration section */
		0C3752BF1D2BA73D005D73FE /* Debug */ = {
			isa = XCBuildConfiguration;
			buildSettings = {
				ALWAYS_SEARCH_USER_PATHS = NO;
				CLANG_ANALYZER_NONNULL = YES;
				CLANG_CXX_LANGUAGE_STANDARD = "gnu++0x";
				CLANG_CXX_LIBRARY = "libc++";
				CLANG_ENABLE_MODULES = YES;
				CLANG_ENABLE_OBJC_ARC = YES;
				CLANG_WARN_BOOL_CONVERSION = YES;
				CLANG_WARN_CONSTANT_CONVERSION = YES;
				CLANG_WARN_DIRECT_OBJC_ISA_USAGE = YES_ERROR;
				CLANG_WARN_EMPTY_BODY = YES;
				CLANG_WARN_ENUM_CONVERSION = YES;
				CLANG_WARN_INT_CONVERSION = YES;
				CLANG_WARN_OBJC_ROOT_CLASS = YES_ERROR;
				CLANG_WARN_UNREACHABLE_CODE = YES;
				CLANG_WARN__DUPLICATE_METHOD_MATCH = YES;
				"CODE_SIGN_IDENTITY[sdk=iphoneos*]" = "iPhone Developer";
				COPY_PHASE_STRIP = NO;
				DEBUG_INFORMATION_FORMAT = dwarf;
				ENABLE_STRICT_OBJC_MSGSEND = YES;
				ENABLE_TESTABILITY = YES;
				GCC_C_LANGUAGE_STANDARD = gnu99;
				GCC_DYNAMIC_NO_PIC = NO;
				GCC_NO_COMMON_BLOCKS = YES;
				GCC_OPTIMIZATION_LEVEL = 0;
				GCC_PREPROCESSOR_DEFINITIONS = (
					"DEBUG=1",
					"$(inherited)",
				);
				GCC_WARN_64_TO_32_BIT_CONVERSION = YES;
				GCC_WARN_ABOUT_RETURN_TYPE = YES_ERROR;
				GCC_WARN_UNDECLARED_SELECTOR = YES;
				GCC_WARN_UNINITIALIZED_AUTOS = YES_AGGRESSIVE;
				GCC_WARN_UNUSED_FUNCTION = YES;
				GCC_WARN_UNUSED_VARIABLE = YES;
				IPHONEOS_DEPLOYMENT_TARGET = 9.3;
				MTL_ENABLE_DEBUG_INFO = YES;
				ONLY_ACTIVE_ARCH = YES;
				SDKROOT = iphoneos;
			};
			name = Debug;
		};
		0C3752C01D2BA73D005D73FE /* Release */ = {
			isa = XCBuildConfiguration;
			buildSettings = {
				ALWAYS_SEARCH_USER_PATHS = NO;
				CLANG_ANALYZER_NONNULL = YES;
				CLANG_CXX_LANGUAGE_STANDARD = "gnu++0x";
				CLANG_CXX_LIBRARY = "libc++";
				CLANG_ENABLE_MODULES = YES;
				CLANG_ENABLE_OBJC_ARC = YES;
				CLANG_WARN_BOOL_CONVERSION = YES;
				CLANG_WARN_CONSTANT_CONVERSION = YES;
				CLANG_WARN_DIRECT_OBJC_ISA_USAGE = YES_ERROR;
				CLANG_WARN_EMPTY_BODY = YES;
				CLANG_WARN_ENUM_CONVERSION = YES;
				CLANG_WARN_INT_CONVERSION = YES;
				CLANG_WARN_OBJC_ROOT_CLASS = YES_ERROR;
				CLANG_WARN_UNREACHABLE_CODE = YES;
				CLANG_WARN__DUPLICATE_METHOD_MATCH = YES;
				"CODE_SIGN_IDENTITY[sdk=iphoneos*]" = "iPhone Developer";
				COPY_PHASE_STRIP = NO;
				DEBUG_INFORMATION_FORMAT = "dwarf-with-dsym";
				ENABLE_NS_ASSERTIONS = NO;
				ENABLE_STRICT_OBJC_MSGSEND = YES;
				GCC_C_LANGUAGE_STANDARD = gnu99;
				GCC_NO_COMMON_BLOCKS = YES;
				GCC_WARN_64_TO_32_BIT_CONVERSION = YES;
				GCC_WARN_ABOUT_RETURN_TYPE = YES_ERROR;
				GCC_WARN_UNDECLARED_SELECTOR = YES;
				GCC_WARN_UNINITIALIZED_AUTOS = YES_AGGRESSIVE;
				GCC_WARN_UNUSED_FUNCTION = YES;
				GCC_WARN_UNUSED_VARIABLE = YES;
				IPHONEOS_DEPLOYMENT_TARGET = 9.3;
				MTL_ENABLE_DEBUG_INFO = NO;
				SDKROOT = iphoneos;
				VALIDATE_PRODUCT = YES;
			};
			name = Release;
		};
		0C3752C21D2BA73D005D73FE /* Debug */ = {
			isa = XCBuildConfiguration;
			buildSettings = {
				HEADER_SEARCH_PATHS = (
					"$(inherited)",
					/Applications/Xcode.app/Contents/Developer/Toolchains/XcodeDefault.xctoolchain/usr/include,
					"$(SRCROOT)/../../../react-native/React/**",
					"$(SRCROOT)/node_modules/react-native/React/**",
					"$(SRCROOT)/../../../../frameworks/ffmpeg.pkg/inc",
					"$(SRCROOT)/../../../../frameworks/tbox.pkg/inc/",
					"$(SRCROOT)/../../../../frameworks/tbox.pkg/inc/iphoneos",
				);
				LIBRARY_SEARCH_PATHS = "";
				OTHER_LDFLAGS = "-ObjC";
				PRODUCT_NAME = "$(TARGET_NAME)";
				SKIP_INSTALL = YES;
			};
			name = Debug;
		};
		0C3752C31D2BA73D005D73FE /* Release */ = {
			isa = XCBuildConfiguration;
			buildSettings = {
				HEADER_SEARCH_PATHS = (
					"$(inherited)",
					/Applications/Xcode.app/Contents/Developer/Toolchains/XcodeDefault.xctoolchain/usr/include,
					"$(SRCROOT)/../../../react-native/React/**",
					"$(SRCROOT)/node_modules/react-native/React/**",
					"$(SRCROOT)/../../../../frameworks/ffmpeg.pkg/inc",
					"$(SRCROOT)/../../../../frameworks/tbox.pkg/inc/",
					"$(SRCROOT)/../../../../frameworks/tbox.pkg/inc/iphoneos",
				);
				LIBRARY_SEARCH_PATHS = "";
				OTHER_LDFLAGS = "-ObjC";
				PRODUCT_NAME = "$(TARGET_NAME)";
				SKIP_INSTALL = YES;
			};
			name = Release;
		};
/* End XCBuildConfiguration section */

/* Begin XCConfigurationList section */
		0C3752B31D2BA73D005D73FE /* Build configuration list for PBXProject "PxPlayer" */ = {
			isa = XCConfigurationList;
			buildConfigurations = (
				0C3752BF1D2BA73D005D73FE /* Debug */,
				0C3752C01D2BA73D005D73FE /* Release */,
			);
			defaultConfigurationIsVisible = 0;
			defaultConfigurationName = Release;
		};
		0C3752C11D2BA73D005D73FE /* Build configuration list for PBXNativeTarget "PxPlayer" */ = {
			isa = XCConfigurationList;
			buildConfigurations = (
				0C3752C21D2BA73D005D73FE /* Debug */,
				0C3752C31D2BA73D005D73FE /* Release */,
			);
			defaultConfigurationIsVisible = 0;
			defaultConfigurationName = Release;
		};
/* End XCConfigurationList section */
	};
	rootObject = 0C3752B01D2BA73D005D73FE /* Project object */;
}
